// !$*UTF8*$!
{
	archiveVersion = 1;
	classes = {
	};
	objectVersion = 46;
	objects = {

/* Begin PBXBuildFile section */
		2EAF412EC76BAB3A42A06DDE /* Pods_Continue.framework in Frameworks */ = {isa = PBXBuildFile; fileRef = 3F24F80DEF09F77E1705D2A3 /* Pods_Continue.framework */; };
		BB4107AA1DC348E900CFD858 /* HomeTableViewCell.swift in Sources */ = {isa = PBXBuildFile; fileRef = BB4107A91DC348E900CFD858 /* HomeTableViewCell.swift */; };
		BB56D4EC1DD5800400574003 /* GoogleService-Info.plist in Resources */ = {isa = PBXBuildFile; fileRef = BB56D4EB1DD5800400574003 /* GoogleService-Info.plist */; };
		BB56D4EF1DD5861200574003 /* Habit.swift in Sources */ = {isa = PBXBuildFile; fileRef = BB56D4EE1DD5861200574003 /* Habit.swift */; };
		BB5A2BDA1DD1BF8C00B8B39D /* HabitView.swift in Sources */ = {isa = PBXBuildFile; fileRef = BB5A2BD91DD1BF8C00B8B39D /* HabitView.swift */; };
		BB5A2BDC1DD1BFFA00B8B39D /* CreateHabitView.swift in Sources */ = {isa = PBXBuildFile; fileRef = BB5A2BDB1DD1BFFA00B8B39D /* CreateHabitView.swift */; };
		BB5A2BDE1DD1C05700B8B39D /* CheckHabitView.swift in Sources */ = {isa = PBXBuildFile; fileRef = BB5A2BDD1DD1C05700B8B39D /* CheckHabitView.swift */; };
		BB5A2BE21DD1D3D700B8B39D /* HabitView.xib in Resources */ = {isa = PBXBuildFile; fileRef = BB5A2BE11DD1D3D700B8B39D /* HabitView.xib */; };
		BB6D19031DBF1546006934C0 /* AppDelegate.swift in Sources */ = {isa = PBXBuildFile; fileRef = BB6D19021DBF1546006934C0 /* AppDelegate.swift */; };
		BB6D190C1DBF1546006934C0 /* Assets.xcassets in Resources */ = {isa = PBXBuildFile; fileRef = BB6D190B1DBF1546006934C0 /* Assets.xcassets */; };
		BB6D190F1DBF1546006934C0 /* LaunchScreen.storyboard in Resources */ = {isa = PBXBuildFile; fileRef = BB6D190D1DBF1546006934C0 /* LaunchScreen.storyboard */; };
		BB6D191A1DBF1546006934C0 /* ContinueTests.swift in Sources */ = {isa = PBXBuildFile; fileRef = BB6D19191DBF1546006934C0 /* ContinueTests.swift */; };
		BB6D19251DBF1546006934C0 /* ContinueUITests.swift in Sources */ = {isa = PBXBuildFile; fileRef = BB6D19241DBF1546006934C0 /* ContinueUITests.swift */; };
		BB6D19391DBF1BC2006934C0 /* HomeViewController.swift in Sources */ = {isa = PBXBuildFile; fileRef = BB6D19381DBF1BC2006934C0 /* HomeViewController.swift */; };
		BB6D193B1DBF1C1C006934C0 /* Main.storyboard in Resources */ = {isa = PBXBuildFile; fileRef = BB6D193A1DBF1C1C006934C0 /* Main.storyboard */; };
		BB6D193D1DBF24F1006934C0 /* StartViewController.swift in Sources */ = {isa = PBXBuildFile; fileRef = BB6D193C1DBF24F1006934C0 /* StartViewController.swift */; };
		BB6D193F1DBF251D006934C0 /* SettingViewController.swift in Sources */ = {isa = PBXBuildFile; fileRef = BB6D193E1DBF251D006934C0 /* SettingViewController.swift */; };
		BB82017C1DC732A7000B7E2D /* SettingTableViewCell.swift in Sources */ = {isa = PBXBuildFile; fileRef = BB82017B1DC732A7000B7E2D /* SettingTableViewCell.swift */; };
		D73CE62052E1637D0B7424E1 /* Pods_ContinueTests.framework in Frameworks */ = {isa = PBXBuildFile; fileRef = 4D3F268691DA3D7D43695E5E /* Pods_ContinueTests.framework */; };
		F7FA6215B6BA6F95F9A7C615 /* Pods_ContinueUITests.framework in Frameworks */ = {isa = PBXBuildFile; fileRef = 089003B6C96BA9F837F122A8 /* Pods_ContinueUITests.framework */; };
/* End PBXBuildFile section */

/* Begin PBXContainerItemProxy section */
		BB6D19161DBF1546006934C0 /* PBXContainerItemProxy */ = {
			isa = PBXContainerItemProxy;
			containerPortal = BB6D18F71DBF1545006934C0 /* Project object */;
			proxyType = 1;
			remoteGlobalIDString = BB6D18FE1DBF1545006934C0;
			remoteInfo = Continue;
		};
		BB6D19211DBF1546006934C0 /* PBXContainerItemProxy */ = {
			isa = PBXContainerItemProxy;
			containerPortal = BB6D18F71DBF1545006934C0 /* Project object */;
			proxyType = 1;
			remoteGlobalIDString = BB6D18FE1DBF1545006934C0;
			remoteInfo = Continue;
		};
/* End PBXContainerItemProxy section */

/* Begin PBXFileReference section */
		089003B6C96BA9F837F122A8 /* Pods_ContinueUITests.framework */ = {isa = PBXFileReference; explicitFileType = wrapper.framework; includeInIndex = 0; path = Pods_ContinueUITests.framework; sourceTree = BUILT_PRODUCTS_DIR; };
		194346ABA1BAB8BF134D7823 /* Pods-ContinueUITests.release.xcconfig */ = {isa = PBXFileReference; includeInIndex = 1; lastKnownFileType = text.xcconfig; name = "Pods-ContinueUITests.release.xcconfig"; path = "Pods/Target Support Files/Pods-ContinueUITests/Pods-ContinueUITests.release.xcconfig"; sourceTree = "<group>"; };
		1DAE0FAAFC2FF577179CF9B3 /* Pods-ContinueUITests.debug.xcconfig */ = {isa = PBXFileReference; includeInIndex = 1; lastKnownFileType = text.xcconfig; name = "Pods-ContinueUITests.debug.xcconfig"; path = "Pods/Target Support Files/Pods-ContinueUITests/Pods-ContinueUITests.debug.xcconfig"; sourceTree = "<group>"; };
		3F24F80DEF09F77E1705D2A3 /* Pods_Continue.framework */ = {isa = PBXFileReference; explicitFileType = wrapper.framework; includeInIndex = 0; path = Pods_Continue.framework; sourceTree = BUILT_PRODUCTS_DIR; };
		4C789BC39A186422B901D085 /* Pods-Continue.debug.xcconfig */ = {isa = PBXFileReference; includeInIndex = 1; lastKnownFileType = text.xcconfig; name = "Pods-Continue.debug.xcconfig"; path = "Pods/Target Support Files/Pods-Continue/Pods-Continue.debug.xcconfig"; sourceTree = "<group>"; };
		4D3F268691DA3D7D43695E5E /* Pods_ContinueTests.framework */ = {isa = PBXFileReference; explicitFileType = wrapper.framework; includeInIndex = 0; path = Pods_ContinueTests.framework; sourceTree = BUILT_PRODUCTS_DIR; };
		5DC39A407F7A2B694F2E269D /* Pods-Continue.release.xcconfig */ = {isa = PBXFileReference; includeInIndex = 1; lastKnownFileType = text.xcconfig; name = "Pods-Continue.release.xcconfig"; path = "Pods/Target Support Files/Pods-Continue/Pods-Continue.release.xcconfig"; sourceTree = "<group>"; };
		702675E6BF97C3FCE75F2A54 /* Pods-ContinueTests.debug.xcconfig */ = {isa = PBXFileReference; includeInIndex = 1; lastKnownFileType = text.xcconfig; name = "Pods-ContinueTests.debug.xcconfig"; path = "Pods/Target Support Files/Pods-ContinueTests/Pods-ContinueTests.debug.xcconfig"; sourceTree = "<group>"; };
		A813905F052CA44DE9191F01 /* Pods-ContinueTests.release.xcconfig */ = {isa = PBXFileReference; includeInIndex = 1; lastKnownFileType = text.xcconfig; name = "Pods-ContinueTests.release.xcconfig"; path = "Pods/Target Support Files/Pods-ContinueTests/Pods-ContinueTests.release.xcconfig"; sourceTree = "<group>"; };
		BB4107A91DC348E900CFD858 /* HomeTableViewCell.swift */ = {isa = PBXFileReference; fileEncoding = 4; lastKnownFileType = sourcecode.swift; name = HomeTableViewCell.swift; path = Parts/HomeTableViewCell.swift; sourceTree = "<group>"; };
		BB56D4EB1DD5800400574003 /* GoogleService-Info.plist */ = {isa = PBXFileReference; fileEncoding = 4; lastKnownFileType = text.plist.xml; path = "GoogleService-Info.plist"; sourceTree = "<group>"; };
		BB56D4EE1DD5861200574003 /* Habit.swift */ = {isa = PBXFileReference; fileEncoding = 4; lastKnownFileType = sourcecode.swift; path = Habit.swift; sourceTree = "<group>"; };
		BB5A2BD91DD1BF8C00B8B39D /* HabitView.swift */ = {isa = PBXFileReference; fileEncoding = 4; lastKnownFileType = sourcecode.swift; path = HabitView.swift; sourceTree = "<group>"; };
		BB5A2BDB1DD1BFFA00B8B39D /* CreateHabitView.swift */ = {isa = PBXFileReference; fileEncoding = 4; lastKnownFileType = sourcecode.swift; path = CreateHabitView.swift; sourceTree = "<group>"; };
		BB5A2BDD1DD1C05700B8B39D /* CheckHabitView.swift */ = {isa = PBXFileReference; fileEncoding = 4; lastKnownFileType = sourcecode.swift; path = CheckHabitView.swift; sourceTree = "<group>"; };
		BB5A2BE11DD1D3D700B8B39D /* HabitView.xib */ = {isa = PBXFileReference; fileEncoding = 4; lastKnownFileType = file.xib; path = HabitView.xib; sourceTree = "<group>"; };
		BB6D18FF1DBF1546006934C0 /* Continue.app */ = {isa = PBXFileReference; explicitFileType = wrapper.application; includeInIndex = 0; path = Continue.app; sourceTree = BUILT_PRODUCTS_DIR; };
		BB6D19021DBF1546006934C0 /* AppDelegate.swift */ = {isa = PBXFileReference; lastKnownFileType = sourcecode.swift; path = AppDelegate.swift; sourceTree = "<group>"; };
		BB6D190B1DBF1546006934C0 /* Assets.xcassets */ = {isa = PBXFileReference; lastKnownFileType = folder.assetcatalog; path = Assets.xcassets; sourceTree = "<group>"; };
		BB6D190E1DBF1546006934C0 /* Base */ = {isa = PBXFileReference; lastKnownFileType = file.storyboard; name = Base; path = Base.lproj/LaunchScreen.storyboard; sourceTree = "<group>"; };
		BB6D19101DBF1546006934C0 /* Info.plist */ = {isa = PBXFileReference; lastKnownFileType = text.plist.xml; path = Info.plist; sourceTree = "<group>"; };
		BB6D19151DBF1546006934C0 /* ContinueTests.xctest */ = {isa = PBXFileReference; explicitFileType = wrapper.cfbundle; includeInIndex = 0; path = ContinueTests.xctest; sourceTree = BUILT_PRODUCTS_DIR; };
		BB6D19191DBF1546006934C0 /* ContinueTests.swift */ = {isa = PBXFileReference; lastKnownFileType = sourcecode.swift; path = ContinueTests.swift; sourceTree = "<group>"; };
		BB6D191B1DBF1546006934C0 /* Info.plist */ = {isa = PBXFileReference; lastKnownFileType = text.plist.xml; path = Info.plist; sourceTree = "<group>"; };
		BB6D19201DBF1546006934C0 /* ContinueUITests.xctest */ = {isa = PBXFileReference; explicitFileType = wrapper.cfbundle; includeInIndex = 0; path = ContinueUITests.xctest; sourceTree = BUILT_PRODUCTS_DIR; };
		BB6D19241DBF1546006934C0 /* ContinueUITests.swift */ = {isa = PBXFileReference; lastKnownFileType = sourcecode.swift; path = ContinueUITests.swift; sourceTree = "<group>"; };
		BB6D19261DBF1546006934C0 /* Info.plist */ = {isa = PBXFileReference; lastKnownFileType = text.plist.xml; path = Info.plist; sourceTree = "<group>"; };
		BB6D19381DBF1BC2006934C0 /* HomeViewController.swift */ = {isa = PBXFileReference; fileEncoding = 4; lastKnownFileType = sourcecode.swift; path = HomeViewController.swift; sourceTree = "<group>"; };
		BB6D193A1DBF1C1C006934C0 /* Main.storyboard */ = {isa = PBXFileReference; fileEncoding = 4; lastKnownFileType = file.storyboard; path = Main.storyboard; sourceTree = "<group>"; };
		BB6D193C1DBF24F1006934C0 /* StartViewController.swift */ = {isa = PBXFileReference; fileEncoding = 4; lastKnownFileType = sourcecode.swift; path = StartViewController.swift; sourceTree = "<group>"; };
		BB6D193E1DBF251D006934C0 /* SettingViewController.swift */ = {isa = PBXFileReference; fileEncoding = 4; lastKnownFileType = sourcecode.swift; path = SettingViewController.swift; sourceTree = "<group>"; };
		BB82017B1DC732A7000B7E2D /* SettingTableViewCell.swift */ = {isa = PBXFileReference; fileEncoding = 4; lastKnownFileType = sourcecode.swift; name = SettingTableViewCell.swift; path = Parts/SettingTableViewCell.swift; sourceTree = "<group>"; };
		BB9B32331DBF4B4E006CBFE4 /* LICENSE */ = {isa = PBXFileReference; fileEncoding = 4; lastKnownFileType = text; name = LICENSE; path = ../LICENSE; sourceTree = "<group>"; };
		BB9B32341DBF4B4E006CBFE4 /* README.md */ = {isa = PBXFileReference; fileEncoding = 4; lastKnownFileType = net.daringfireball.markdown; name = README.md; path = ../README.md; sourceTree = "<group>"; };
/* End PBXFileReference section */

/* Begin PBXFrameworksBuildPhase section */
		BB6D18FC1DBF1545006934C0 /* Frameworks */ = {
			isa = PBXFrameworksBuildPhase;
			buildActionMask = 2147483647;
			files = (
				2EAF412EC76BAB3A42A06DDE /* Pods_Continue.framework in Frameworks */,
			);
			runOnlyForDeploymentPostprocessing = 0;
		};
		BB6D19121DBF1546006934C0 /* Frameworks */ = {
			isa = PBXFrameworksBuildPhase;
			buildActionMask = 2147483647;
			files = (
				D73CE62052E1637D0B7424E1 /* Pods_ContinueTests.framework in Frameworks */,
			);
			runOnlyForDeploymentPostprocessing = 0;
		};
		BB6D191D1DBF1546006934C0 /* Frameworks */ = {
			isa = PBXFrameworksBuildPhase;
			buildActionMask = 2147483647;
			files = (
				F7FA6215B6BA6F95F9A7C615 /* Pods_ContinueUITests.framework in Frameworks */,
			);
			runOnlyForDeploymentPostprocessing = 0;
		};
/* End PBXFrameworksBuildPhase section */

/* Begin PBXGroup section */
		1ACC0B96831CA2A36736E6EA /* Pods */ = {
			isa = PBXGroup;
			children = (
				4C789BC39A186422B901D085 /* Pods-Continue.debug.xcconfig */,
				5DC39A407F7A2B694F2E269D /* Pods-Continue.release.xcconfig */,
				702675E6BF97C3FCE75F2A54 /* Pods-ContinueTests.debug.xcconfig */,
				A813905F052CA44DE9191F01 /* Pods-ContinueTests.release.xcconfig */,
				1DAE0FAAFC2FF577179CF9B3 /* Pods-ContinueUITests.debug.xcconfig */,
				194346ABA1BAB8BF134D7823 /* Pods-ContinueUITests.release.xcconfig */,
			);
			name = Pods;
			sourceTree = "<group>";
		};
		663FB5530BEE6470E10C0943 /* Frameworks */ = {
			isa = PBXGroup;
			children = (
				3F24F80DEF09F77E1705D2A3 /* Pods_Continue.framework */,
				4D3F268691DA3D7D43695E5E /* Pods_ContinueTests.framework */,
				089003B6C96BA9F837F122A8 /* Pods_ContinueUITests.framework */,
			);
			name = Frameworks;
			sourceTree = "<group>";
		};
		BB4107A81DC348B100CFD858 /* Parts */ = {
			isa = PBXGroup;
			children = (
				BB4107A91DC348E900CFD858 /* HomeTableViewCell.swift */,
				BB82017B1DC732A7000B7E2D /* SettingTableViewCell.swift */,
			);
			name = Parts;
			sourceTree = "<group>";
		};
		BB56D4ED1DD585A400574003 /* Models */ = {
			isa = PBXGroup;
			children = (
				BB56D4EE1DD5861200574003 /* Habit.swift */,
			);
			path = Models;
			sourceTree = "<group>";
		};
		BB5A2BD81DD1A60600B8B39D /* ISW */ = {
			isa = PBXGroup;
			children = (
				BB5A2BD91DD1BF8C00B8B39D /* HabitView.swift */,
				BB5A2BDB1DD1BFFA00B8B39D /* CreateHabitView.swift */,
				BB5A2BDD1DD1C05700B8B39D /* CheckHabitView.swift */,
				BB5A2BE11DD1D3D700B8B39D /* HabitView.xib */,
			);
			path = ISW;
			sourceTree = "<group>";
		};
		BB6D18F61DBF1545006934C0 = {
			isa = PBXGroup;
			children = (
				BB6D19011DBF1546006934C0 /* Continue */,
				BB6D19181DBF1546006934C0 /* ContinueTests */,
				BB6D19231DBF1546006934C0 /* ContinueUITests */,
				BB6D19001DBF1546006934C0 /* Products */,
				1ACC0B96831CA2A36736E6EA /* Pods */,
				663FB5530BEE6470E10C0943 /* Frameworks */,
			);
			sourceTree = "<group>";
		};
		BB6D19001DBF1546006934C0 /* Products */ = {
			isa = PBXGroup;
			children = (
				BB6D18FF1DBF1546006934C0 /* Continue.app */,
				BB6D19151DBF1546006934C0 /* ContinueTests.xctest */,
				BB6D19201DBF1546006934C0 /* ContinueUITests.xctest */,
			);
			name = Products;
			sourceTree = "<group>";
		};
		BB6D19011DBF1546006934C0 /* Continue */ = {
			isa = PBXGroup;
			children = (
				BB6D19021DBF1546006934C0 /* AppDelegate.swift */,
				BB6D19331DBF1B0E006934C0 /* Common */,
				BB6D19321DBF1AFF006934C0 /* Screen */,
				BB56D4ED1DD585A400574003 /* Models */,
				BB6D190B1DBF1546006934C0 /* Assets.xcassets */,
				BB6D190D1DBF1546006934C0 /* LaunchScreen.storyboard */,
				BB6D19101DBF1546006934C0 /* Info.plist */,
				BB9B32331DBF4B4E006CBFE4 /* LICENSE */,
				BB9B32341DBF4B4E006CBFE4 /* README.md */,
				BB56D4EB1DD5800400574003 /* GoogleService-Info.plist */,
			);
			path = Continue;
			sourceTree = "<group>";
		};
		BB6D19181DBF1546006934C0 /* ContinueTests */ = {
			isa = PBXGroup;
			children = (
				BB6D19191DBF1546006934C0 /* ContinueTests.swift */,
				BB6D191B1DBF1546006934C0 /* Info.plist */,
			);
			path = ContinueTests;
			sourceTree = "<group>";
		};
		BB6D19231DBF1546006934C0 /* ContinueUITests */ = {
			isa = PBXGroup;
			children = (
				BB6D19241DBF1546006934C0 /* ContinueUITests.swift */,
				BB6D19261DBF1546006934C0 /* Info.plist */,
			);
			path = ContinueUITests;
			sourceTree = "<group>";
		};
		BB6D19321DBF1AFF006934C0 /* Screen */ = {
			isa = PBXGroup;
			children = (
				BB5A2BD81DD1A60600B8B39D /* ISW */,
				BB4107A81DC348B100CFD858 /* Parts */,
				BB6D193A1DBF1C1C006934C0 /* Main.storyboard */,
				BB6D193C1DBF24F1006934C0 /* StartViewController.swift */,
				BB6D19381DBF1BC2006934C0 /* HomeViewController.swift */,
				BB6D193E1DBF251D006934C0 /* SettingViewController.swift */,
			);
			path = Screen;
			sourceTree = "<group>";
		};
		BB6D19331DBF1B0E006934C0 /* Common */ = {
			isa = PBXGroup;
			children = (
			);
			path = Common;
			sourceTree = "<group>";
		};
/* End PBXGroup section */

/* Begin PBXNativeTarget section */
		BB6D18FE1DBF1545006934C0 /* Continue */ = {
			isa = PBXNativeTarget;
			buildConfigurationList = BB6D19291DBF1546006934C0 /* Build configuration list for PBXNativeTarget "Continue" */;
			buildPhases = (
				3A04A01BBADB51C1EE26153C /* [CP] Check Pods Manifest.lock */,
				BB6D18FB1DBF1545006934C0 /* Sources */,
				BB6D18FC1DBF1545006934C0 /* Frameworks */,
				BB6D18FD1DBF1545006934C0 /* Resources */,
				B12CAC5E85EE011134203EEE /* [CP] Embed Pods Frameworks */,
				81DB276EAF9A7583BD17D33E /* [CP] Copy Pods Resources */,
			);
			buildRules = (
			);
			dependencies = (
			);
			name = Continue;
			productName = Continue;
			productReference = BB6D18FF1DBF1546006934C0 /* Continue.app */;
			productType = "com.apple.product-type.application";
		};
		BB6D19141DBF1546006934C0 /* ContinueTests */ = {
			isa = PBXNativeTarget;
			buildConfigurationList = BB6D192C1DBF1546006934C0 /* Build configuration list for PBXNativeTarget "ContinueTests" */;
			buildPhases = (
				1212F3B226166DA8A74C483F /* [CP] Check Pods Manifest.lock */,
				BB6D19111DBF1546006934C0 /* Sources */,
				BB6D19121DBF1546006934C0 /* Frameworks */,
				BB6D19131DBF1546006934C0 /* Resources */,
				9878AF59E4EAF4B5E08B0459 /* [CP] Embed Pods Frameworks */,
				74BE015F261C1068C676CD3F /* [CP] Copy Pods Resources */,
			);
			buildRules = (
			);
			dependencies = (
				BB6D19171DBF1546006934C0 /* PBXTargetDependency */,
			);
			name = ContinueTests;
			productName = ContinueTests;
			productReference = BB6D19151DBF1546006934C0 /* ContinueTests.xctest */;
			productType = "com.apple.product-type.bundle.unit-test";
		};
		BB6D191F1DBF1546006934C0 /* ContinueUITests */ = {
			isa = PBXNativeTarget;
			buildConfigurationList = BB6D192F1DBF1546006934C0 /* Build configuration list for PBXNativeTarget "ContinueUITests" */;
			buildPhases = (
				CB6778F6275761EF02EA7DD2 /* [CP] Check Pods Manifest.lock */,
				BB6D191C1DBF1546006934C0 /* Sources */,
				BB6D191D1DBF1546006934C0 /* Frameworks */,
				BB6D191E1DBF1546006934C0 /* Resources */,
				3739E0D4FD17E19EA8E6C11E /* [CP] Copy Pods Resources */,
			);
			buildRules = (
			);
			dependencies = (
				BB6D19221DBF1546006934C0 /* PBXTargetDependency */,
			);
			name = ContinueUITests;
			productName = ContinueUITests;
			productReference = BB6D19201DBF1546006934C0 /* ContinueUITests.xctest */;
			productType = "com.apple.product-type.bundle.ui-testing";
		};
/* End PBXNativeTarget section */

/* Begin PBXProject section */
		BB6D18F71DBF1545006934C0 /* Project object */ = {
			isa = PBXProject;
			attributes = {
				LastSwiftUpdateCheck = 0800;
				LastUpgradeCheck = 0800;
				ORGANIZATIONNAME = "lee jaeeun";
				TargetAttributes = {
					BB6D18FE1DBF1545006934C0 = {
						CreatedOnToolsVersion = 8.0;
						LastSwiftMigration = 0810;
						ProvisioningStyle = Automatic;
					};
					BB6D19141DBF1546006934C0 = {
						CreatedOnToolsVersion = 8.0;
						LastSwiftMigration = 0810;
						ProvisioningStyle = Automatic;
						TestTargetID = BB6D18FE1DBF1545006934C0;
					};
					BB6D191F1DBF1546006934C0 = {
						CreatedOnToolsVersion = 8.0;
						LastSwiftMigration = 0810;
						ProvisioningStyle = Automatic;
						TestTargetID = BB6D18FE1DBF1545006934C0;
					};
				};
			};
			buildConfigurationList = BB6D18FA1DBF1545006934C0 /* Build configuration list for PBXProject "Continue" */;
			compatibilityVersion = "Xcode 3.2";
			developmentRegion = English;
			hasScannedForEncodings = 0;
			knownRegions = (
				en,
				Base,
			);
			mainGroup = BB6D18F61DBF1545006934C0;
			productRefGroup = BB6D19001DBF1546006934C0 /* Products */;
			projectDirPath = "";
			projectRoot = "";
			targets = (
				BB6D18FE1DBF1545006934C0 /* Continue */,
				BB6D19141DBF1546006934C0 /* ContinueTests */,
				BB6D191F1DBF1546006934C0 /* ContinueUITests */,
			);
		};
/* End PBXProject section */

/* Begin PBXResourcesBuildPhase section */
		BB6D18FD1DBF1545006934C0 /* Resources */ = {
			isa = PBXResourcesBuildPhase;
			buildActionMask = 2147483647;
			files = (
				BB6D190F1DBF1546006934C0 /* LaunchScreen.storyboard in Resources */,
				BB5A2BE21DD1D3D700B8B39D /* HabitView.xib in Resources */,
				BB56D4EC1DD5800400574003 /* GoogleService-Info.plist in Resources */,
				BB6D190C1DBF1546006934C0 /* Assets.xcassets in Resources */,
				BB6D193B1DBF1C1C006934C0 /* Main.storyboard in Resources */,
			);
			runOnlyForDeploymentPostprocessing = 0;
		};
		BB6D19131DBF1546006934C0 /* Resources */ = {
			isa = PBXResourcesBuildPhase;
			buildActionMask = 2147483647;
			files = (
			);
			runOnlyForDeploymentPostprocessing = 0;
		};
		BB6D191E1DBF1546006934C0 /* Resources */ = {
			isa = PBXResourcesBuildPhase;
			buildActionMask = 2147483647;
			files = (
			);
			runOnlyForDeploymentPostprocessing = 0;
		};
/* End PBXResourcesBuildPhase section */

/* Begin PBXShellScriptBuildPhase section */
		1212F3B226166DA8A74C483F /* [CP] Check Pods Manifest.lock */ = {
			isa = PBXShellScriptBuildPhase;
			buildActionMask = 2147483647;
			files = (
			);
			inputPaths = (
			);
			name = "[CP] Check Pods Manifest.lock";
			outputPaths = (
			);
			runOnlyForDeploymentPostprocessing = 0;
			shellPath = /bin/sh;
			shellScript = "diff \"${PODS_ROOT}/../Podfile.lock\" \"${PODS_ROOT}/Manifest.lock\" > /dev/null\nif [[ $? != 0 ]] ; then\n    cat << EOM\nerror: The sandbox is not in sync with the Podfile.lock. Run 'pod install' or update your CocoaPods installation.\nEOM\n    exit 1\nfi\n";
			showEnvVarsInLog = 0;
		};
		3739E0D4FD17E19EA8E6C11E /* [CP] Copy Pods Resources */ = {
			isa = PBXShellScriptBuildPhase;
			buildActionMask = 2147483647;
			files = (
			);
			inputPaths = (
			);
			name = "[CP] Copy Pods Resources";
			outputPaths = (
			);
			runOnlyForDeploymentPostprocessing = 0;
			shellPath = /bin/sh;
			shellScript = "\"${SRCROOT}/Pods/Target Support Files/Pods-ContinueUITests/Pods-ContinueUITests-resources.sh\"\n";
			showEnvVarsInLog = 0;
		};
		3A04A01BBADB51C1EE26153C /* [CP] Check Pods Manifest.lock */ = {
			isa = PBXShellScriptBuildPhase;
			buildActionMask = 2147483647;
			files = (
			);
			inputPaths = (
			);
			name = "[CP] Check Pods Manifest.lock";
			outputPaths = (
			);
			runOnlyForDeploymentPostprocessing = 0;
			shellPath = /bin/sh;
			shellScript = "diff \"${PODS_ROOT}/../Podfile.lock\" \"${PODS_ROOT}/Manifest.lock\" > /dev/null\nif [[ $? != 0 ]] ; then\n    cat << EOM\nerror: The sandbox is not in sync with the Podfile.lock. Run 'pod install' or update your CocoaPods installation.\nEOM\n    exit 1\nfi\n";
			showEnvVarsInLog = 0;
		};
		74BE015F261C1068C676CD3F /* [CP] Copy Pods Resources */ = {
			isa = PBXShellScriptBuildPhase;
			buildActionMask = 2147483647;
			files = (
			);
			inputPaths = (
			);
			name = "[CP] Copy Pods Resources";
			outputPaths = (
			);
			runOnlyForDeploymentPostprocessing = 0;
			shellPath = /bin/sh;
			shellScript = "\"${SRCROOT}/Pods/Target Support Files/Pods-ContinueTests/Pods-ContinueTests-resources.sh\"\n";
			showEnvVarsInLog = 0;
		};
		81DB276EAF9A7583BD17D33E /* [CP] Copy Pods Resources */ = {
			isa = PBXShellScriptBuildPhase;
			buildActionMask = 2147483647;
			files = (
			);
			inputPaths = (
			);
			name = "[CP] Copy Pods Resources";
			outputPaths = (
			);
			runOnlyForDeploymentPostprocessing = 0;
			shellPath = /bin/sh;
			shellScript = "\"${SRCROOT}/Pods/Target Support Files/Pods-Continue/Pods-Continue-resources.sh\"\n";
			showEnvVarsInLog = 0;
		};
		9878AF59E4EAF4B5E08B0459 /* [CP] Embed Pods Frameworks */ = {
			isa = PBXShellScriptBuildPhase;
			buildActionMask = 2147483647;
			files = (
			);
			inputPaths = (
			);
			name = "[CP] Embed Pods Frameworks";
			outputPaths = (
			);
			runOnlyForDeploymentPostprocessing = 0;
			shellPath = /bin/sh;
			shellScript = "\"${SRCROOT}/Pods/Target Support Files/Pods-ContinueTests/Pods-ContinueTests-frameworks.sh\"\n";
			showEnvVarsInLog = 0;
		};
		B12CAC5E85EE011134203EEE /* [CP] Embed Pods Frameworks */ = {
			isa = PBXShellScriptBuildPhase;
			buildActionMask = 2147483647;
			files = (
			);
			inputPaths = (
			);
			name = "[CP] Embed Pods Frameworks";
			outputPaths = (
			);
			runOnlyForDeploymentPostprocessing = 0;
			shellPath = /bin/sh;
			shellScript = "\"${SRCROOT}/Pods/Target Support Files/Pods-Continue/Pods-Continue-frameworks.sh\"\n";
			showEnvVarsInLog = 0;
		};
		CB6778F6275761EF02EA7DD2 /* [CP] Check Pods Manifest.lock */ = {
			isa = PBXShellScriptBuildPhase;
			buildActionMask = 2147483647;
			files = (
			);
			inputPaths = (
			);
			name = "[CP] Check Pods Manifest.lock";
			outputPaths = (
			);
			runOnlyForDeploymentPostprocessing = 0;
			shellPath = /bin/sh;
			shellScript = "diff \"${PODS_ROOT}/../Podfile.lock\" \"${PODS_ROOT}/Manifest.lock\" > /dev/null\nif [[ $? != 0 ]] ; then\n    cat << EOM\nerror: The sandbox is not in sync with the Podfile.lock. Run 'pod install' or update your CocoaPods installation.\nEOM\n    exit 1\nfi\n";
			showEnvVarsInLog = 0;
		};
/* End PBXShellScriptBuildPhase section */

/* Begin PBXSourcesBuildPhase section */
		BB6D18FB1DBF1545006934C0 /* Sources */ = {
			isa = PBXSourcesBuildPhase;
			buildActionMask = 2147483647;
			files = (
				BB82017C1DC732A7000B7E2D /* SettingTableViewCell.swift in Sources */,
				BB5A2BDE1DD1C05700B8B39D /* CheckHabitView.swift in Sources */,
				BB6D193F1DBF251D006934C0 /* SettingViewController.swift in Sources */,
				BB4107AA1DC348E900CFD858 /* HomeTableViewCell.swift in Sources */,
				BB6D19391DBF1BC2006934C0 /* HomeViewController.swift in Sources */,
				BB5A2BDA1DD1BF8C00B8B39D /* HabitView.swift in Sources */,
				BB56D4EF1DD5861200574003 /* Habit.swift in Sources */,
				BB6D193D1DBF24F1006934C0 /* StartViewController.swift in Sources */,
				BB6D19031DBF1546006934C0 /* AppDelegate.swift in Sources */,
				BB5A2BDC1DD1BFFA00B8B39D /* CreateHabitView.swift in Sources */,
			);
			runOnlyForDeploymentPostprocessing = 0;
		};
		BB6D19111DBF1546006934C0 /* Sources */ = {
			isa = PBXSourcesBuildPhase;
			buildActionMask = 2147483647;
			files = (
				BB6D191A1DBF1546006934C0 /* ContinueTests.swift in Sources */,
			);
			runOnlyForDeploymentPostprocessing = 0;
		};
		BB6D191C1DBF1546006934C0 /* Sources */ = {
			isa = PBXSourcesBuildPhase;
			buildActionMask = 2147483647;
			files = (
				BB6D19251DBF1546006934C0 /* ContinueUITests.swift in Sources */,
			);
			runOnlyForDeploymentPostprocessing = 0;
		};
/* End PBXSourcesBuildPhase section */

/* Begin PBXTargetDependency section */
		BB6D19171DBF1546006934C0 /* PBXTargetDependency */ = {
			isa = PBXTargetDependency;
			target = BB6D18FE1DBF1545006934C0 /* Continue */;
			targetProxy = BB6D19161DBF1546006934C0 /* PBXContainerItemProxy */;
		};
		BB6D19221DBF1546006934C0 /* PBXTargetDependency */ = {
			isa = PBXTargetDependency;
			target = BB6D18FE1DBF1545006934C0 /* Continue */;
			targetProxy = BB6D19211DBF1546006934C0 /* PBXContainerItemProxy */;
		};
/* End PBXTargetDependency section */

/* Begin PBXVariantGroup section */
		BB6D190D1DBF1546006934C0 /* LaunchScreen.storyboard */ = {
			isa = PBXVariantGroup;
			children = (
				BB6D190E1DBF1546006934C0 /* Base */,
			);
			name = LaunchScreen.storyboard;
			sourceTree = "<group>";
		};
/* End PBXVariantGroup section */

/* Begin XCBuildConfiguration section */
		BB6D19271DBF1546006934C0 /* Debug */ = {
			isa = XCBuildConfiguration;
			buildSettings = {
				ALWAYS_SEARCH_USER_PATHS = NO;
				CLANG_ANALYZER_NONNULL = YES;
				CLANG_CXX_LANGUAGE_STANDARD = "gnu++0x";
				CLANG_CXX_LIBRARY = "libc++";
				CLANG_ENABLE_MODULES = YES;
				CLANG_ENABLE_OBJC_ARC = YES;
				CLANG_WARN_BOOL_CONVERSION = YES;
				CLANG_WARN_CONSTANT_CONVERSION = YES;
				CLANG_WARN_DIRECT_OBJC_ISA_USAGE = YES_ERROR;
				CLANG_WARN_DOCUMENTATION_COMMENTS = YES;
				CLANG_WARN_EMPTY_BODY = YES;
				CLANG_WARN_ENUM_CONVERSION = YES;
				CLANG_WARN_INFINITE_RECURSION = YES;
				CLANG_WARN_INT_CONVERSION = YES;
				CLANG_WARN_OBJC_ROOT_CLASS = YES_ERROR;
				CLANG_WARN_SUSPICIOUS_MOVES = YES;
				CLANG_WARN_UNREACHABLE_CODE = YES;
				CLANG_WARN__DUPLICATE_METHOD_MATCH = YES;
				"CODE_SIGN_IDENTITY[sdk=iphoneos*]" = "iPhone Developer";
				COPY_PHASE_STRIP = NO;
				DEBUG_INFORMATION_FORMAT = dwarf;
				ENABLE_STRICT_OBJC_MSGSEND = YES;
				ENABLE_TESTABILITY = YES;
				GCC_C_LANGUAGE_STANDARD = gnu99;
				GCC_DYNAMIC_NO_PIC = NO;
				GCC_NO_COMMON_BLOCKS = YES;
				GCC_OPTIMIZATION_LEVEL = 0;
				GCC_PREPROCESSOR_DEFINITIONS = (
					"DEBUG=1",
					"$(inherited)",
				);
				GCC_WARN_64_TO_32_BIT_CONVERSION = YES;
				GCC_WARN_ABOUT_RETURN_TYPE = YES_ERROR;
				GCC_WARN_UNDECLARED_SELECTOR = YES;
				GCC_WARN_UNINITIALIZED_AUTOS = YES_AGGRESSIVE;
				GCC_WARN_UNUSED_FUNCTION = YES;
				GCC_WARN_UNUSED_VARIABLE = YES;
				IPHONEOS_DEPLOYMENT_TARGET = 10.0;
				MTL_ENABLE_DEBUG_INFO = YES;
				ONLY_ACTIVE_ARCH = YES;
				SDKROOT = iphoneos;
				SWIFT_ACTIVE_COMPILATION_CONDITIONS = DEBUG;
				SWIFT_OPTIMIZATION_LEVEL = "-Onone";
			};
			name = Debug;
		};
		BB6D19281DBF1546006934C0 /* Release */ = {
			isa = XCBuildConfiguration;
			buildSettings = {
				ALWAYS_SEARCH_USER_PATHS = NO;
				CLANG_ANALYZER_NONNULL = YES;
				CLANG_CXX_LANGUAGE_STANDARD = "gnu++0x";
				CLANG_CXX_LIBRARY = "libc++";
				CLANG_ENABLE_MODULES = YES;
				CLANG_ENABLE_OBJC_ARC = YES;
				CLANG_WARN_BOOL_CONVERSION = YES;
				CLANG_WARN_CONSTANT_CONVERSION = YES;
				CLANG_WARN_DIRECT_OBJC_ISA_USAGE = YES_ERROR;
				CLANG_WARN_DOCUMENTATION_COMMENTS = YES;
				CLANG_WARN_EMPTY_BODY = YES;
				CLANG_WARN_ENUM_CONVERSION = YES;
				CLANG_WARN_INFINITE_RECURSION = YES;
				CLANG_WARN_INT_CONVERSION = YES;
				CLANG_WARN_OBJC_ROOT_CLASS = YES_ERROR;
				CLANG_WARN_SUSPICIOUS_MOVES = YES;
				CLANG_WARN_UNREACHABLE_CODE = YES;
				CLANG_WARN__DUPLICATE_METHOD_MATCH = YES;
				"CODE_SIGN_IDENTITY[sdk=iphoneos*]" = "iPhone Developer";
				COPY_PHASE_STRIP = NO;
				DEBUG_INFORMATION_FORMAT = "dwarf-with-dsym";
				ENABLE_NS_ASSERTIONS = NO;
				ENABLE_STRICT_OBJC_MSGSEND = YES;
				GCC_C_LANGUAGE_STANDARD = gnu99;
				GCC_NO_COMMON_BLOCKS = YES;
				GCC_WARN_64_TO_32_BIT_CONVERSION = YES;
				GCC_WARN_ABOUT_RETURN_TYPE = YES_ERROR;
				GCC_WARN_UNDECLARED_SELECTOR = YES;
				GCC_WARN_UNINITIALIZED_AUTOS = YES_AGGRESSIVE;
				GCC_WARN_UNUSED_FUNCTION = YES;
				GCC_WARN_UNUSED_VARIABLE = YES;
				IPHONEOS_DEPLOYMENT_TARGET = 10.0;
				MTL_ENABLE_DEBUG_INFO = NO;
				SDKROOT = iphoneos;
				SWIFT_OPTIMIZATION_LEVEL = "-Owholemodule";
				VALIDATE_PRODUCT = YES;
			};
			name = Release;
		};
		BB6D192A1DBF1546006934C0 /* Debug */ = {
			isa = XCBuildConfiguration;
			baseConfigurationReference = 4C789BC39A186422B901D085 /* Pods-Continue.debug.xcconfig */;
			buildSettings = {
				ASSETCATALOG_COMPILER_APPICON_NAME = AppIcon;
				INFOPLIST_FILE = Continue/Info.plist;
				LD_RUNPATH_SEARCH_PATHS = "$(inherited) @executable_path/Frameworks";
				PRODUCT_BUNDLE_IDENTIFIER = "com.kj-code.Continue";
				PRODUCT_NAME = "$(TARGET_NAME)";
				SWIFT_VERSION = 3.0;
			};
			name = Debug;
		};
		BB6D192B1DBF1546006934C0 /* Release */ = {
			isa = XCBuildConfiguration;
			baseConfigurationReference = 5DC39A407F7A2B694F2E269D /* Pods-Continue.release.xcconfig */;
			buildSettings = {
				ASSETCATALOG_COMPILER_APPICON_NAME = AppIcon;
				INFOPLIST_FILE = Continue/Info.plist;
				LD_RUNPATH_SEARCH_PATHS = "$(inherited) @executable_path/Frameworks";
				PRODUCT_BUNDLE_IDENTIFIER = "com.kj-code.Continue";
				PRODUCT_NAME = "$(TARGET_NAME)";
				SWIFT_VERSION = 3.0;
			};
			name = Release;
		};
		BB6D192D1DBF1546006934C0 /* Debug */ = {
			isa = XCBuildConfiguration;
			baseConfigurationReference = 702675E6BF97C3FCE75F2A54 /* Pods-ContinueTests.debug.xcconfig */;
			buildSettings = {
				ALWAYS_EMBED_SWIFT_STANDARD_LIBRARIES = YES;
				BUNDLE_LOADER = "$(TEST_HOST)";
				INFOPLIST_FILE = ContinueTests/Info.plist;
				LD_RUNPATH_SEARCH_PATHS = "$(inherited) @executable_path/Frameworks @loader_path/Frameworks";
				PRODUCT_BUNDLE_IDENTIFIER = "com.kj-code.ContinueTests";
				PRODUCT_NAME = "$(TARGET_NAME)";
				SWIFT_VERSION = 3.0;
				TEST_HOST = "$(BUILT_PRODUCTS_DIR)/Continue.app/Continue";
			};
			name = Debug;
		};
		BB6D192E1DBF1546006934C0 /* Release */ = {
			isa = XCBuildConfiguration;
			baseConfigurationReference = A813905F052CA44DE9191F01 /* Pods-ContinueTests.release.xcconfig */;
			buildSettings = {
				ALWAYS_EMBED_SWIFT_STANDARD_LIBRARIES = YES;
				BUNDLE_LOADER = "$(TEST_HOST)";
				INFOPLIST_FILE = ContinueTests/Info.plist;
				LD_RUNPATH_SEARCH_PATHS = "$(inherited) @executable_path/Frameworks @loader_path/Frameworks";
				PRODUCT_BUNDLE_IDENTIFIER = "com.kj-code.ContinueTests";
				PRODUCT_NAME = "$(TARGET_NAME)";
				SWIFT_VERSION = 3.0;
				TEST_HOST = "$(BUILT_PRODUCTS_DIR)/Continue.app/Continue";
			};
			name = Release;
		};
		BB6D19301DBF1546006934C0 /* Debug */ = {
			isa = XCBuildConfiguration;
			baseConfigurationReference = 1DAE0FAAFC2FF577179CF9B3 /* Pods-ContinueUITests.debug.xcconfig */;
			buildSettings = {
				ALWAYS_EMBED_SWIFT_STANDARD_LIBRARIES = YES;
				INFOPLIST_FILE = ContinueUITests/Info.plist;
				LD_RUNPATH_SEARCH_PATHS = "$(inherited) @executable_path/Frameworks @loader_path/Frameworks";
				PRODUCT_BUNDLE_IDENTIFIER = "com.kj-code.ContinueUITests";
				PRODUCT_NAME = "$(TARGET_NAME)";
				SWIFT_VERSION = 3.0;
				TEST_TARGET_NAME = Continue;
			};
			name = Debug;
		};
		BB6D19311DBF1546006934C0 /* Release */ = {
			isa = XCBuildConfiguration;
			baseConfigurationReference = 194346ABA1BAB8BF134D7823 /* Pods-ContinueUITests.release.xcconfig */;
			buildSettings = {
				ALWAYS_EMBED_SWIFT_STANDARD_LIBRARIES = YES;
				INFOPLIST_FILE = ContinueUITests/Info.plist;
				LD_RUNPATH_SEARCH_PATHS = "$(inherited) @executable_path/Frameworks @loader_path/Frameworks";
				PRODUCT_BUNDLE_IDENTIFIER = "com.kj-code.ContinueUITests";
				PRODUCT_NAME = "$(TARGET_NAME)";
				SWIFT_VERSION = 3.0;
				TEST_TARGET_NAME = Continue;
			};
			name = Release;
		};
/* End XCBuildConfiguration section */

/* Begin XCConfigurationList section */
		BB6D18FA1DBF1545006934C0 /* Build configuration list for PBXProject "Continue" */ = {
			isa = XCConfigurationList;
			buildConfigurations = (
				BB6D19271DBF1546006934C0 /* Debug */,
				BB6D19281DBF1546006934C0 /* Release */,
			);
			defaultConfigurationIsVisible = 0;
			defaultConfigurationName = Release;
		};
		BB6D19291DBF1546006934C0 /* Build configuration list for PBXNativeTarget "Continue" */ = {
			isa = XCConfigurationList;
			buildConfigurations = (
				BB6D192A1DBF1546006934C0 /* Debug */,
				BB6D192B1DBF1546006934C0 /* Release */,
			);
			defaultConfigurationIsVisible = 0;
			defaultConfigurationName = Release;
		};
		BB6D192C1DBF1546006934C0 /* Build configuration list for PBXNativeTarget "ContinueTests" */ = {
			isa = XCConfigurationList;
			buildConfigurations = (
				BB6D192D1DBF1546006934C0 /* Debug */,
				BB6D192E1DBF1546006934C0 /* Release */,
			);
			defaultConfigurationIsVisible = 0;
			defaultConfigurationName = Release;
		};
		BB6D192F1DBF1546006934C0 /* Build configuration list for PBXNativeTarget "ContinueUITests" */ = {
			isa = XCConfigurationList;
			buildConfigurations = (
				BB6D19301DBF1546006934C0 /* Debug */,
				BB6D19311DBF1546006934C0 /* Release */,
			);
			defaultConfigurationIsVisible = 0;
			defaultConfigurationName = Release;
		};
/* End XCConfigurationList section */
	};
	rootObject = BB6D18F71DBF1545006934C0 /* Project object */;
}
